
Microsoft Visual Studio Solution File, Format Version 12.00
# Visual Studio 2013
VisualStudioVersion = 12.0.31101.0
MinimumVisualStudioVersion = 10.0.40219.1
Project("{FAE04EC0-301F-11D3-BF4B-00C04F79EFBC}") = "JavaFXToASPNet", "JavaFXToASPNet\JavaFXToASPNet.csproj", "{BAF30318-12CA-4367-A1C2-E18C01F28621}"
EndProject
Global
	GlobalSection(SolutionConfigurationPlatforms) = preSolution
		Debug|Any CPU = Debug|Any CPU
		Release|Any CPU = Release|Any CPU
	EndGlobalSection
	GlobalSection(ProjectConfigurationPlatforms) = postSolution
		{BAF30318-12CA-4367-A1C2-E18C01F28621}.Debug|Any CPU.ActiveCfg = Debug|Any CPU
		{BAF30318-12CA-4367-A1C2-E18C01F28621}.Debug|Any CPU.Build.0 = Debug|Any CPU
		{BAF30318-12CA-4367-A1C2-E18C01F28621}.Release|Any CPU.ActiveCfg = Release|Any CPU
		{BAF30318-12CA-4367-A1C2-E18C01F28621}.Release|Any CPU.Build.0 = Release|Any CPU
	EndGlobalSection
	GlobalSection(SolutionProperties) = preSolution
		HideSolutionNode = FALSE
	EndGlobalSection
EndGlobal
