
Microsoft Visual Studio Solution File, Format Version 12.00
# Visual Studio 2013
VisualStudioVersion = 12.0.30110.0
MinimumVisualStudioVersion = 10.0.40219.1
Project("{FAE04EC0-301F-11D3-BF4B-00C04F79EFBC}") = "SimpleMono", "SimpleMono\SimpleMono.csproj", "{CC6C8B5E-2D65-489F-B373-0D0346D8E5D0}"
EndProject
Project("{FAE04EC0-301F-11D3-BF4B-00C04F79EFBC}") = "DrawAndControl", "DrawAndControl\DrawAndControl.csproj", "{375D4133-1FFD-4589-AE85-A0514EDC4640}"
EndProject
Project("{FAE04EC0-301F-11D3-BF4B-00C04F79EFBC}") = "InputWrapper", "InputWrapper\InputWrapper.csproj", "{81CE9928-38F0-48E3-B98B-80DC6DC033C1}"
EndProject
Project("{FAE04EC0-301F-11D3-BF4B-00C04F79EFBC}") = "GameWindowSize", "GameWindowSize\GameWindowSize.csproj", "{AEC6B2E2-4886-4DDC-9F38-80B6960A8E67}"
EndProject
Project("{FAE04EC0-301F-11D3-BF4B-00C04F79EFBC}") = "TexturePrimitive", "TexturePrimitive\TexturePrimitive.csproj", "{DF40E964-4CCB-423A-BF4B-092441CA069F}"
EndProject
Project("{FAE04EC0-301F-11D3-BF4B-00C04F79EFBC}") = "UserDefinedCooridnateSystem", "UserDefinedCooridnateSystem\UserDefinedCooridnateSystem.csproj", "{AD918420-10BC-4E49-A676-DA6DF503968D}"
EndProject
Project("{FAE04EC0-301F-11D3-BF4B-00C04F79EFBC}") = "FontOutput", "FontOutput\FontOutput.csproj", "{884050BE-A2A5-4536-B033-0A188E67BC2E}"
EndProject
Project("{2150E333-8FDC-42A3-9474-1A3956D46DE8}") = "Chapter 2", "Chapter 2", "{683C3880-E67A-4FB3-B8DE-90C44D93E0F7}"
EndProject
Project("{2150E333-8FDC-42A3-9474-1A3956D46DE8}") = "Chapter 3", "Chapter 3", "{ED92BF27-A173-462A-8D2C-E79EA963FA7E}"
EndProject
Project("{FAE04EC0-301F-11D3-BF4B-00C04F79EFBC}") = "SimpleGameObject", "SimpleGameObject\SimpleGameObject.csproj", "{A41DE8CD-46C0-4A5B-91AC-3B91C7F00FA4}"
EndProject
Project("{FAE04EC0-301F-11D3-BF4B-00C04F79EFBC}") = "SimpleGameState", "SimpleGameState\SimpleGameState.csproj", "{7E6D8B74-BEA7-4469-BE87-C2CD2F6CA9AD}"
EndProject
Project("{2150E333-8FDC-42A3-9474-1A3956D46DE8}") = "Chapter 4", "Chapter 4", "{BDCE7121-9C77-4882-A44C-3943B8DDA393}"
EndProject
Project("{FAE04EC0-301F-11D3-BF4B-00C04F79EFBC}") = "RotateTextuerdPrimitive", "1.RotateTextuerdPrimitive\RotateTextuerdPrimitive.csproj", "{B0FCE66F-8A29-48CB-BF6A-44BAE5D50613}"
EndProject
Project("{FAE04EC0-301F-11D3-BF4B-00C04F79EFBC}") = "ShowVector", "ShowVector\ShowVector.csproj", "{CB854EE2-4298-4CED-B967-ECEB1E86E089}"
EndProject
Project("{FAE04EC0-301F-11D3-BF4B-00C04F79EFBC}") = "FrontDirection", "FrontDirection\FrontDirection.csproj", "{6F18264D-C3B8-41A3-81F8-B3F07218415F}"
EndProject
Project("{FAE04EC0-301F-11D3-BF4B-00C04F79EFBC}") = "GameObject", "GameObject\GameObject.csproj", "{D6FF7E53-80A9-4304-9BB7-7D7A248B718D}"
EndProject
Project("{FAE04EC0-301F-11D3-BF4B-00C04F79EFBC}") = "ChaserObject", "ChaserObject\ChaserObject.csproj", "{5BAF8303-A480-47A8-8978-B77C050C4EF7}"
EndProject
Global
	GlobalSection(SolutionConfigurationPlatforms) = preSolution
		Debug|x86 = Debug|x86
		Release|x86 = Release|x86
	EndGlobalSection
	GlobalSection(ProjectConfigurationPlatforms) = postSolution
		{CC6C8B5E-2D65-489F-B373-0D0346D8E5D0}.Debug|x86.ActiveCfg = Debug|x86
		{CC6C8B5E-2D65-489F-B373-0D0346D8E5D0}.Debug|x86.Build.0 = Debug|x86
		{CC6C8B5E-2D65-489F-B373-0D0346D8E5D0}.Release|x86.ActiveCfg = Release|x86
		{CC6C8B5E-2D65-489F-B373-0D0346D8E5D0}.Release|x86.Build.0 = Release|x86
		{375D4133-1FFD-4589-AE85-A0514EDC4640}.Debug|x86.ActiveCfg = Debug|x86
		{375D4133-1FFD-4589-AE85-A0514EDC4640}.Debug|x86.Build.0 = Debug|x86
		{375D4133-1FFD-4589-AE85-A0514EDC4640}.Release|x86.ActiveCfg = Release|x86
		{375D4133-1FFD-4589-AE85-A0514EDC4640}.Release|x86.Build.0 = Release|x86
		{81CE9928-38F0-48E3-B98B-80DC6DC033C1}.Debug|x86.ActiveCfg = Debug|x86
		{81CE9928-38F0-48E3-B98B-80DC6DC033C1}.Debug|x86.Build.0 = Debug|x86
		{81CE9928-38F0-48E3-B98B-80DC6DC033C1}.Release|x86.ActiveCfg = Release|x86
		{81CE9928-38F0-48E3-B98B-80DC6DC033C1}.Release|x86.Build.0 = Release|x86
		{AEC6B2E2-4886-4DDC-9F38-80B6960A8E67}.Debug|x86.ActiveCfg = Debug|x86
		{AEC6B2E2-4886-4DDC-9F38-80B6960A8E67}.Debug|x86.Build.0 = Debug|x86
		{AEC6B2E2-4886-4DDC-9F38-80B6960A8E67}.Release|x86.ActiveCfg = Release|x86
		{AEC6B2E2-4886-4DDC-9F38-80B6960A8E67}.Release|x86.Build.0 = Release|x86
		{DF40E964-4CCB-423A-BF4B-092441CA069F}.Debug|x86.ActiveCfg = Debug|x86
		{DF40E964-4CCB-423A-BF4B-092441CA069F}.Debug|x86.Build.0 = Debug|x86
		{DF40E964-4CCB-423A-BF4B-092441CA069F}.Release|x86.ActiveCfg = Release|x86
		{DF40E964-4CCB-423A-BF4B-092441CA069F}.Release|x86.Build.0 = Release|x86
		{AD918420-10BC-4E49-A676-DA6DF503968D}.Debug|x86.ActiveCfg = Debug|x86
		{AD918420-10BC-4E49-A676-DA6DF503968D}.Debug|x86.Build.0 = Debug|x86
		{AD918420-10BC-4E49-A676-DA6DF503968D}.Release|x86.ActiveCfg = Release|x86
		{AD918420-10BC-4E49-A676-DA6DF503968D}.Release|x86.Build.0 = Release|x86
		{884050BE-A2A5-4536-B033-0A188E67BC2E}.Debug|x86.ActiveCfg = Debug|x86
		{884050BE-A2A5-4536-B033-0A188E67BC2E}.Debug|x86.Build.0 = Debug|x86
		{884050BE-A2A5-4536-B033-0A188E67BC2E}.Release|x86.ActiveCfg = Release|x86
		{884050BE-A2A5-4536-B033-0A188E67BC2E}.Release|x86.Build.0 = Release|x86
		{A41DE8CD-46C0-4A5B-91AC-3B91C7F00FA4}.Debug|x86.ActiveCfg = Debug|x86
		{A41DE8CD-46C0-4A5B-91AC-3B91C7F00FA4}.Debug|x86.Build.0 = Debug|x86
		{A41DE8CD-46C0-4A5B-91AC-3B91C7F00FA4}.Release|x86.ActiveCfg = Release|x86
		{A41DE8CD-46C0-4A5B-91AC-3B91C7F00FA4}.Release|x86.Build.0 = Release|x86
		{7E6D8B74-BEA7-4469-BE87-C2CD2F6CA9AD}.Debug|x86.ActiveCfg = Debug|x86
		{7E6D8B74-BEA7-4469-BE87-C2CD2F6CA9AD}.Debug|x86.Build.0 = Debug|x86
		{7E6D8B74-BEA7-4469-BE87-C2CD2F6CA9AD}.Release|x86.ActiveCfg = Release|x86
		{7E6D8B74-BEA7-4469-BE87-C2CD2F6CA9AD}.Release|x86.Build.0 = Release|x86
		{B0FCE66F-8A29-48CB-BF6A-44BAE5D50613}.Debug|x86.ActiveCfg = Debug|x86
		{B0FCE66F-8A29-48CB-BF6A-44BAE5D50613}.Debug|x86.Build.0 = Debug|x86
		{B0FCE66F-8A29-48CB-BF6A-44BAE5D50613}.Release|x86.ActiveCfg = Release|x86
		{B0FCE66F-8A29-48CB-BF6A-44BAE5D50613}.Release|x86.Build.0 = Release|x86
		{CB854EE2-4298-4CED-B967-ECEB1E86E089}.Debug|x86.ActiveCfg = Debug|x86
		{CB854EE2-4298-4CED-B967-ECEB1E86E089}.Debug|x86.Build.0 = Debug|x86
		{CB854EE2-4298-4CED-B967-ECEB1E86E089}.Release|x86.ActiveCfg = Release|x86
		{CB854EE2-4298-4CED-B967-ECEB1E86E089}.Release|x86.Build.0 = Release|x86
		{6F18264D-C3B8-41A3-81F8-B3F07218415F}.Debug|x86.ActiveCfg = Debug|x86
		{6F18264D-C3B8-41A3-81F8-B3F07218415F}.Debug|x86.Build.0 = Debug|x86
		{6F18264D-C3B8-41A3-81F8-B3F07218415F}.Release|x86.ActiveCfg = Release|x86
		{6F18264D-C3B8-41A3-81F8-B3F07218415F}.Release|x86.Build.0 = Release|x86
		{D6FF7E53-80A9-4304-9BB7-7D7A248B718D}.Debug|x86.ActiveCfg = Debug|x86
		{D6FF7E53-80A9-4304-9BB7-7D7A248B718D}.Debug|x86.Build.0 = Debug|x86
		{D6FF7E53-80A9-4304-9BB7-7D7A248B718D}.Release|x86.ActiveCfg = Release|x86
		{D6FF7E53-80A9-4304-9BB7-7D7A248B718D}.Release|x86.Build.0 = Release|x86
		{5BAF8303-A480-47A8-8978-B77C050C4EF7}.Debug|x86.ActiveCfg = Debug|x86
		{5BAF8303-A480-47A8-8978-B77C050C4EF7}.Debug|x86.Build.0 = Debug|x86
		{5BAF8303-A480-47A8-8978-B77C050C4EF7}.Release|x86.ActiveCfg = Release|x86
		{5BAF8303-A480-47A8-8978-B77C050C4EF7}.Release|x86.Build.0 = Release|x86
	EndGlobalSection
	GlobalSection(SolutionProperties) = preSolution
		HideSolutionNode = FALSE
	EndGlobalSection
	GlobalSection(NestedProjects) = preSolution
		{375D4133-1FFD-4589-AE85-A0514EDC4640} = {683C3880-E67A-4FB3-B8DE-90C44D93E0F7}
		{81CE9928-38F0-48E3-B98B-80DC6DC033C1} = {683C3880-E67A-4FB3-B8DE-90C44D93E0F7}
		{CC6C8B5E-2D65-489F-B373-0D0346D8E5D0} = {683C3880-E67A-4FB3-B8DE-90C44D93E0F7}
		{DF40E964-4CCB-423A-BF4B-092441CA069F} = {ED92BF27-A173-462A-8D2C-E79EA963FA7E}
		{AD918420-10BC-4E49-A676-DA6DF503968D} = {ED92BF27-A173-462A-8D2C-E79EA963FA7E}
		{884050BE-A2A5-4536-B033-0A188E67BC2E} = {ED92BF27-A173-462A-8D2C-E79EA963FA7E}
		{AEC6B2E2-4886-4DDC-9F38-80B6960A8E67} = {ED92BF27-A173-462A-8D2C-E79EA963FA7E}
		{A41DE8CD-46C0-4A5B-91AC-3B91C7F00FA4} = {ED92BF27-A173-462A-8D2C-E79EA963FA7E}
		{7E6D8B74-BEA7-4469-BE87-C2CD2F6CA9AD} = {ED92BF27-A173-462A-8D2C-E79EA963FA7E}
		{B0FCE66F-8A29-48CB-BF6A-44BAE5D50613} = {BDCE7121-9C77-4882-A44C-3943B8DDA393}
		{CB854EE2-4298-4CED-B967-ECEB1E86E089} = {BDCE7121-9C77-4882-A44C-3943B8DDA393}
		{6F18264D-C3B8-41A3-81F8-B3F07218415F} = {BDCE7121-9C77-4882-A44C-3943B8DDA393}
		{D6FF7E53-80A9-4304-9BB7-7D7A248B718D} = {BDCE7121-9C77-4882-A44C-3943B8DDA393}
		{5BAF8303-A480-47A8-8978-B77C050C4EF7} = {BDCE7121-9C77-4882-A44C-3943B8DDA393}
	EndGlobalSection
EndGlobal
