
Microsoft Visual Studio Solution File, Format Version 12.00
# Visual Studio 2013
VisualStudioVersion = 12.0.30723.0
MinimumVisualStudioVersion = 10.0.40219.1
Project("{FAE04EC0-301F-11D3-BF4B-00C04F79EFBC}") = "TipCalculator", "TipCalculator\TipCalculator.csproj", "{DF3B07F5-D425-4394-A5FD-6083C877C8EB}"
EndProject
Global
	GlobalSection(SolutionConfigurationPlatforms) = preSolution
		Debug|Any CPU = Debug|Any CPU
		Debug|ARM = Debug|ARM
		Debug|x86 = Debug|x86
		Release|Any CPU = Release|Any CPU
		Release|ARM = Release|ARM
		Release|x86 = Release|x86
	EndGlobalSection
	GlobalSection(ProjectConfigurationPlatforms) = postSolution
		{DF3B07F5-D425-4394-A5FD-6083C877C8EB}.Debug|Any CPU.ActiveCfg = Debug|Any CPU
		{DF3B07F5-D425-4394-A5FD-6083C877C8EB}.Debug|Any CPU.Build.0 = Debug|Any CPU
		{DF3B07F5-D425-4394-A5FD-6083C877C8EB}.Debug|Any CPU.Deploy.0 = Debug|Any CPU
		{DF3B07F5-D425-4394-A5FD-6083C877C8EB}.Debug|ARM.ActiveCfg = Debug|ARM
		{DF3B07F5-D425-4394-A5FD-6083C877C8EB}.Debug|ARM.Build.0 = Debug|ARM
		{DF3B07F5-D425-4394-A5FD-6083C877C8EB}.Debug|ARM.Deploy.0 = Debug|ARM
		{DF3B07F5-D425-4394-A5FD-6083C877C8EB}.Debug|x86.ActiveCfg = Debug|x86
		{DF3B07F5-D425-4394-A5FD-6083C877C8EB}.Debug|x86.Build.0 = Debug|x86
		{DF3B07F5-D425-4394-A5FD-6083C877C8EB}.Debug|x86.Deploy.0 = Debug|x86
		{DF3B07F5-D425-4394-A5FD-6083C877C8EB}.Release|Any CPU.ActiveCfg = Release|Any CPU
		{DF3B07F5-D425-4394-A5FD-6083C877C8EB}.Release|Any CPU.Build.0 = Release|Any CPU
		{DF3B07F5-D425-4394-A5FD-6083C877C8EB}.Release|Any CPU.Deploy.0 = Release|Any CPU
		{DF3B07F5-D425-4394-A5FD-6083C877C8EB}.Release|ARM.ActiveCfg = Release|ARM
		{DF3B07F5-D425-4394-A5FD-6083C877C8EB}.Release|ARM.Build.0 = Release|ARM
		{DF3B07F5-D425-4394-A5FD-6083C877C8EB}.Release|ARM.Deploy.0 = Release|ARM
		{DF3B07F5-D425-4394-A5FD-6083C877C8EB}.Release|x86.ActiveCfg = Release|x86
		{DF3B07F5-D425-4394-A5FD-6083C877C8EB}.Release|x86.Build.0 = Release|x86
		{DF3B07F5-D425-4394-A5FD-6083C877C8EB}.Release|x86.Deploy.0 = Release|x86
	EndGlobalSection
	GlobalSection(SolutionProperties) = preSolution
		HideSolutionNode = FALSE
	EndGlobalSection
EndGlobal
